
Microsoft Visual Studio Solution File, Format Version 12.00
# Visual Studio Version 16
VisualStudioVersion = 16.0.29911.84
MinimumVisualStudioVersion = 10.0.40219.1
Project("{FAE04EC0-301F-11D3-BF4B-00C04F79EFBC}") = "ProductApp", "ProductApp\ProductApp.csproj", "{66D0B599-12BC-4518-9392-4EFC30EE5060}"
EndProject
Global
	GlobalSection(SolutionConfigurationPlatforms) = preSolution
		Debug|Any CPU = Debug|Any CPU
		Release|Any CPU = Release|Any CPU
	EndGlobalSection
	GlobalSection(ProjectConfigurationPlatforms) = postSolution
		{66D0B599-12BC-4518-9392-4EFC30EE5060}.Debug|Any CPU.ActiveCfg = Debug|Any CPU
		{66D0B599-12BC-4518-9392-4EFC30EE5060}.Debug|Any CPU.Build.0 = Debug|Any CPU
		{66D0B599-12BC-4518-9392-4EFC30EE5060}.Release|Any CPU.ActiveCfg = Release|Any CPU
		{66D0B599-12BC-4518-9392-4EFC30EE5060}.Release|Any CPU.Build.0 = Release|Any CPU
	EndGlobalSection
	GlobalSection(SolutionProperties) = preSolution
		HideSolutionNode = FALSE
	EndGlobalSection
	GlobalSection(ExtensibilityGlobals) = postSolution
		SolutionGuid = {BA4F5735-644A-4E2D-BA85-B2AC7D426D0B}
	EndGlobalSection
EndGlobal
